
Microsoft Visual Studio Solution File, Format Version 12.00
# Visual Studio 15
VisualStudioVersion = 15.0.28307.1000
MinimumVisualStudioVersion = 10.0.40219.1
Project("{FAE04EC0-301F-11D3-BF4B-00C04F79EFBC}") = "RoomPlanner", "RoomPlanner\RoomPlanner.csproj", "{979D69F8-7C5F-43CD-BE0E-F06D283720C6}"
EndProject
Global
	GlobalSection(SolutionConfigurationPlatforms) = preSolution
		Debug|Any CPU = Debug|Any CPU
		Release|Any CPU = Release|Any CPU
	EndGlobalSection
	GlobalSection(ProjectConfigurationPlatforms) = postSolution
		{979D69F8-7C5F-43CD-BE0E-F06D283720C6}.Debug|Any CPU.ActiveCfg = Debug|Any CPU
		{979D69F8-7C5F-43CD-BE0E-F06D283720C6}.Debug|Any CPU.Build.0 = Debug|Any CPU
		{979D69F8-7C5F-43CD-BE0E-F06D283720C6}.Release|Any CPU.ActiveCfg = Release|Any CPU
		{979D69F8-7C5F-43CD-BE0E-F06D283720C6}.Release|Any CPU.Build.0 = Release|Any CPU
	EndGlobalSection
	GlobalSection(SolutionProperties) = preSolution
		HideSolutionNode = FALSE
	EndGlobalSection
	GlobalSection(ExtensibilityGlobals) = postSolution
		SolutionGuid = {70249150-E895-435D-A44A-935912FA96A5}
	EndGlobalSection
EndGlobal
